
Microsoft Visual Studio Solution File, Format Version 12.00
# Visual Studio Version 17
VisualStudioVersion = 17.2.32616.157
MinimumVisualStudioVersion = 10.0.40219.1
Project("{FAE04EC0-301F-11D3-BF4B-00C04F79EFBC}") = "Dice_Game", "Dice_Game\Dice_Game.csproj", "{EFB31024-D394-43CB-9E72-2E3BF2C41D63}"
EndProject
Global
	GlobalSection(SolutionConfigurationPlatforms) = preSolution
		Debug|Any CPU = Debug|Any CPU
		Release|Any CPU = Release|Any CPU
	EndGlobalSection
	GlobalSection(ProjectConfigurationPlatforms) = postSolution
		{EFB31024-D394-43CB-9E72-2E3BF2C41D63}.Debug|Any CPU.ActiveCfg = Debug|Any CPU
		{EFB31024-D394-43CB-9E72-2E3BF2C41D63}.Debug|Any CPU.Build.0 = Debug|Any CPU
		{EFB31024-D394-43CB-9E72-2E3BF2C41D63}.Release|Any CPU.ActiveCfg = Release|Any CPU
		{EFB31024-D394-43CB-9E72-2E3BF2C41D63}.Release|Any CPU.Build.0 = Release|Any CPU
	EndGlobalSection
	GlobalSection(SolutionProperties) = preSolution
		HideSolutionNode = FALSE
	EndGlobalSection
	GlobalSection(ExtensibilityGlobals) = postSolution
		SolutionGuid = {F39D973F-78FF-42EB-8E0D-A8631165642B}
	EndGlobalSection
EndGlobal
